
Microsoft Visual Studio Solution File, Format Version 12.00
# Visual Studio Version 16
VisualStudioVersion = 16.0.31402.337
MinimumVisualStudioVersion = 10.0.40219.1
Project("{FAE04EC0-301F-11D3-BF4B-00C04F79EFBC}") = "gitapp", "gitapp\gitapp.csproj", "{22D30A24-A401-4D9C-A6D1-76A4963518A4}"
EndProject
Global
	GlobalSection(SolutionConfigurationPlatforms) = preSolution
		Debug|Any CPU = Debug|Any CPU
		Release|Any CPU = Release|Any CPU
	EndGlobalSection
	GlobalSection(ProjectConfigurationPlatforms) = postSolution
		{22D30A24-A401-4D9C-A6D1-76A4963518A4}.Debug|Any CPU.ActiveCfg = Debug|Any CPU
		{22D30A24-A401-4D9C-A6D1-76A4963518A4}.Debug|Any CPU.Build.0 = Debug|Any CPU
		{22D30A24-A401-4D9C-A6D1-76A4963518A4}.Release|Any CPU.ActiveCfg = Release|Any CPU
		{22D30A24-A401-4D9C-A6D1-76A4963518A4}.Release|Any CPU.Build.0 = Release|Any CPU
	EndGlobalSection
	GlobalSection(SolutionProperties) = preSolution
		HideSolutionNode = FALSE
	EndGlobalSection
	GlobalSection(ExtensibilityGlobals) = postSolution
		SolutionGuid = {D0173076-43D4-492D-895F-0BD74BC9B9C2}
	EndGlobalSection
EndGlobal
